<?xml version="1.0" encoding="utf-8"?>
<Project ToolsVersion="4.0" xmlns="http://schemas.microsoft.com/developer/msbuild/2003">
  <ItemGroup>
    <Filter Include="Source Files">
      <UniqueIdentifier>{4FC737F1-C7A5-4376-A066-2A32D752A2FF}</UniqueIdentifier>
      <Extensions>cpp;c;cc;cxx;c++;cppm;ixx;def;odl;idl;hpj;bat;asm;asmx</Extensions>
    </Filter>
    <Filter Include="Header Files">
      <UniqueIdentifier>{93995380-89BD-4b04-88EB-625FBE52EBFB}</UniqueIdentifier>
      <Extensions>h;hh;hpp;hxx;h++;hm;inl;inc;ipp;xsd</Extensions>
    </Filter>
    <Filter Include="Resource Files">
      <UniqueIdentifier>{67DA6AB6-F800-4c08-8B7A-83BB121AAD01}</UniqueIdentifier>
      <Extensions>rc;ico;cur;bmp;dlg;rc2;rct;bin;rgs;gif;jpg;jpeg;jpe;resx;tiff;tif;png;wav;mfcribbon-ms</Extensions>
    </Filter>
    <Filter Include="Source Files\section1">
      <UniqueIdentifier>{bcf75930-34df-478e-9bb5-be295cb07144}</UniqueIdentifier>
    </Filter>
    <Filter Include="Source Files\section2">
      <UniqueIdentifier>{72b1d97d-7de7-4274-b1a1-d149ea08294b}</UniqueIdentifier>
    </Filter>
    <Filter Include="Source Files\section3">
      <UniqueIdentifier>{c276f8fa-242c-4bb7-89ce-771e19460201}</UniqueIdentifier>
    </Filter>
    <Filter Include="Source Files\section4">
      <UniqueIdentifier>{1c0c0229-93b1-440a-91a5-192e42da1409}</UniqueIdentifier>
    </Filter>
    <Filter Include="Source Files\section5">
      <UniqueIdentifier>{b8c85c42-43ce-4d07-9a89-2d36ffc93d54}</UniqueIdentifier>
    </Filter>
    <Filter Include="Source Files\section7">
      <UniqueIdentifier>{79ffe487-5cc5-4a02-b5d7-752729f91b36}</UniqueIdentifier>
    </Filter>
    <Filter Include="Source Files\section6">
      <UniqueIdentifier>{6ed7b33f-fdf5-4b82-a415-35484f907334}</UniqueIdentifier>
    </Filter>
  </ItemGroup>
  <ItemGroup>
    <ClCompile Include="e_cppAlgorithm.cpp">
      <Filter>Source Files</Filter>
    </ClCompile>
    <ClCompile Include="e_permutaion.cpp">
      <Filter>Source Files</Filter>
    </ClCompile>
    <ClCompile Include="e_permutation2.cpp">
      <Filter>Source Files</Filter>
    </ClCompile>
    <ClCompile Include="e_10809.cpp">
      <Filter>Source Files</Filter>
    </ClCompile>
    <ClCompile Include="1_10972다음순열.cpp">
      <Filter>Source Files\section1</Filter>
    </ClCompile>
    <ClCompile Include="1_2309일곱난쟁이.cpp">
      <Filter>Source Files\section1</Filter>
    </ClCompile>
    <ClCompile Include="1_9996한국에접속.cpp">
      <Filter>Source Files\section1</Filter>
    </ClCompile>
    <ClCompile Include="1_2559수열.cpp">
      <Filter>Source Files\section1</Filter>
    </ClCompile>
    <ClCompile Include="1_1259팰린드롬수.cpp">
      <Filter>Source Files\section1</Filter>
    </ClCompile>
    <ClCompile Include="2_findway.cpp">
      <Filter>Source Files\section2</Filter>
    </ClCompile>
    <ClCompile Include="2_2178미로탐색.cpp">
      <Filter>Source Files\section2</Filter>
    </ClCompile>
    <ClCompile Include="2_2468안전영역.cpp">
      <Filter>Source Files\section2</Filter>
    </ClCompile>
    <ClCompile Include="2e_1992_안전탐색.cpp">
      <Filter>Source Files\section2</Filter>
    </ClCompile>
    <ClCompile Include="2n_9012괄호.cpp">
      <Filter>Source Files\section2</Filter>
    </ClCompile>
    <ClCompile Include="3_a_15686치킨배달.cpp">
      <Filter>Source Files\section3</Filter>
    </ClCompile>
    <ClCompile Include="3_c_16234인구이동.cpp">
      <Filter>Source Files\section3</Filter>
    </ClCompile>
    <ClCompile Include="shifting.cpp">
      <Filter>Source Files\section4</Filter>
    </ClCompile>
    <ClCompile Include="4_a_19942다이어트.cpp">
      <Filter>Source Files\section4</Filter>
    </ClCompile>
    <ClCompile Include="4_c_17471게리맨더링.cpp">
      <Filter>Source Files\section4</Filter>
    </ClCompile>
    <ClCompile Include="5_a_2109순회강연.cpp">
      <Filter>Source Files\section5</Filter>
    </ClCompile>
    <ClCompile Include="7_0_2240자두나무.cpp">
      <Filter>Source Files\section7</Filter>
    </ClCompile>
    <ClCompile Include="ref_var_VS_pointers.cpp">
      <Filter>Source Files</Filter>
    </ClCompile>
    <ClCompile Include="5_b_9935문자열폭발.cpp">
      <Filter>Source Files\section5</Filter>
    </ClCompile>
    <ClCompile Include="6_a_2792보석상자.cpp">
      <Filter>Source Files\section6</Filter>
    </ClCompile>
  </ItemGroup>
</Project>